// !$*UTF8*$!
{
	archiveVersion = 1;
	classes = {
	};
	objectVersion = 46;
	objects = {

/* Begin PBXBuildFile section */
		13D36FC2700D10B75AD82BFA /* WindowsExport.cpp in Sources */ = {isa = PBXBuildFile; fileRef = B073758826CE0F5D023350CF /* WindowsExport.cpp */; };
		3C10A89407484522A193F02F /* FengEngine.bundle in Copy Files */ = {isa = PBXBuildFile; fileRef = 9C79D7451D36B4F6342C4EFA /* FengEngine.bundle */; };
		5233095B833AB9FAF63A870A /* AndroidExport.cpp in Sources */ = {isa = PBXBuildFile; fileRef = F8349D82DBB06501BFF97753 /* AndroidExport.cpp */; };
		7B14AA400352B22298290238 /* PCH.cpp in Sources */ = {isa = PBXBuildFile; fileRef = 1009A2A272B686AB3E58F4A8 /* PCH.cpp */; };
		879A000C1F0A41B3AB4C3559 /* File.cpp in Sources */ = {isa = PBXBuildFile; fileRef = 44FEB11180705328FABE16D9 /* File.cpp */; };
		9A8DDCB983AEC37376F2B871 /* libcjson.a in Frameworks */ = {isa = PBXBuildFile; fileRef = 22B5B418525105AF28480C8E /* libcjson.a */; };
		A366FB0C0E8051637ED1A79F /* libthirdpart.a in Frameworks */ = {isa = PBXBuildFile; fileRef = FDCB4E4C28EA35D30E35B19E /* libthirdpart.a */; };
		A75C949A1FC710C3952C9209 /* FLuaExport.cpp in Sources */ = {isa = PBXBuildFile; fileRef = 07C8D414DD65189193DDC4AE /* FLuaExport.cpp */; };
		BCA54FE90580E8B7FC19E7EF /* liblua51.a in Frameworks */ = {isa = PBXBuildFile; fileRef = EE9077FCDF1FD375C1428BE6 /* liblua51.a */; };
		CD251BD5D864ABE1026ECF99 /* libluasocket.a in Frameworks */ = {isa = PBXBuildFile; fileRef = 842BF4AAF4F36A8B1D4D50BE /* libluasocket.a */; };
		E6D51EFF452BF9410DB90460 /* ILog.cpp in Sources */ = {isa = PBXBuildFile; fileRef = C8951F0F1E94F21E775139D0 /* ILog.cpp */; };
		F7602417CFE1FE96C1231257 /* FileSystem.cpp in Sources */ = {isa = PBXBuildFile; fileRef = 3D7AD4B7C6074DE42FB7083B /* FileSystem.cpp */; };
/* End PBXBuildFile section */

/* Begin PBXCopyFilesBuildPhase section */
		AD6250170058D586DED3BD4A /* Copy Files */ = {
			isa = PBXCopyFilesBuildPhase;
			buildActionMask = 2147483647;
			dstPath = "$(PROJECT_DIR)/../../../bin/macosx/x86_64";
			dstSubfolderSpec = 0;
			files = (
				3C10A89407484522A193F02F /* FengEngine.bundle in Copy Files */,
			);
			name = "Copy Files";
			runOnlyForDeploymentPostprocessing = 0;
		};
/* End PBXCopyFilesBuildPhase section */

/* Begin PBXFileReference section */
		02D49871AB1E2AD4560C0495 /* FCounter.hpp */ = {isa = PBXFileReference; lastKnownFileType = sourcecode.cpp.h; name = FCounter.hpp; path = ../../../flib/flib/base/FCounter.hpp; sourceTree = SOURCE_ROOT; };
		07C8D414DD65189193DDC4AE /* FLuaExport.cpp */ = {isa = PBXFileReference; lastKnownFileType = sourcecode.cpp.cpp; name = FLuaExport.cpp; path = ../../../Source/FLuaExport.cpp; sourceTree = SOURCE_ROOT; };
		1009A2A272B686AB3E58F4A8 /* PCH.cpp */ = {isa = PBXFileReference; lastKnownFileType = sourcecode.cpp.cpp; name = PCH.cpp; path = ../../../Source/PCH.cpp; sourceTree = SOURCE_ROOT; };
		1631C24BF3A230DC80B735B0 /* FMemPool.hpp */ = {isa = PBXFileReference; lastKnownFileType = sourcecode.cpp.h; name = FMemPool.hpp; path = ../../../flib/flib/base/FMemPool.hpp; sourceTree = SOURCE_ROOT; };
		22B5B418525105AF28480C8E /* libcjson.a */ = {isa = PBXFileReference; lastKnownFileType = archive.ar; name = libcjson.a; path = ../../../libs/macosx/x86_64/libcjson.a; sourceTree = SOURCE_ROOT; };
		23BF480CAD44F9C2CBABFAA1 /* FPlatform.hpp */ = {isa = PBXFileReference; lastKnownFileType = sourcecode.cpp.h; name = FPlatform.hpp; path = ../../../flib/flib/base/FPlatform.hpp; sourceTree = SOURCE_ROOT; };
		2EE41BFFD5829EEDBB5A3BD4 /* FileSystem.h */ = {isa = PBXFileReference; lastKnownFileType = sourcecode.c.h; name = FileSystem.h; path = ../../../Source/FilePackage/FileSystem.h; sourceTree = SOURCE_ROOT; };
		319BCCA39487DEAD2DD83673 /* FType.hpp */ = {isa = PBXFileReference; lastKnownFileType = sourcecode.cpp.h; name = FType.hpp; path = ../../../flib/flib/base/FType.hpp; sourceTree = SOURCE_ROOT; };
		375AD11B7A130BDF7A0513DB /* FMD5.hpp */ = {isa = PBXFileReference; lastKnownFileType = sourcecode.cpp.h; name = FMD5.hpp; path = ../../../flib/flib/base/FMD5.hpp; sourceTree = SOURCE_ROOT; };
		3D7AD4B7C6074DE42FB7083B /* FileSystem.cpp */ = {isa = PBXFileReference; lastKnownFileType = sourcecode.cpp.cpp; name = FileSystem.cpp; path = ../../../Source/FilePackage/FileSystem.cpp; sourceTree = SOURCE_ROOT; };
		44FEB11180705328FABE16D9 /* File.cpp */ = {isa = PBXFileReference; lastKnownFileType = sourcecode.cpp.cpp; name = File.cpp; path = ../../../Source/FilePackage/File.cpp; sourceTree = SOURCE_ROOT; };
		45A4B8C0E8DBF3B53FF5CAEA /* FEncoding.hpp */ = {isa = PBXFileReference; lastKnownFileType = sourcecode.cpp.h; name = FEncoding.hpp; path = ../../../flib/flib/base/FEncoding.hpp; sourceTree = SOURCE_ROOT; };
		45EF1D28C91DA61250CC9582 /* utfconvert.hpp */ = {isa = PBXFileReference; lastKnownFileType = sourcecode.cpp.h; name = utfconvert.hpp; path = ../../../flib/flib/base/utfconvert.hpp; sourceTree = SOURCE_ROOT; };
		5BD9AFB1A2D356D4D4B0E7A3 /* FBase64.hpp */ = {isa = PBXFileReference; lastKnownFileType = sourcecode.cpp.h; name = FBase64.hpp; path = ../../../flib/flib/base/FBase64.hpp; sourceTree = SOURCE_ROOT; };
		64FB194FF8EB90056A7E5C6B /* lua_script.hpp */ = {isa = PBXFileReference; lastKnownFileType = sourcecode.cpp.h; name = lua_script.hpp; path = ../../../flib/flib/3rd/lua/lua_script.hpp; sourceTree = SOURCE_ROOT; };
		658AC54645ECB6D415D31577 /* FIni.hpp */ = {isa = PBXFileReference; lastKnownFileType = sourcecode.cpp.h; name = FIni.hpp; path = ../../../flib/flib/base/FIni.hpp; sourceTree = SOURCE_ROOT; };
		66B2E645020DB2DB97954BFC /* FDequeAddLock.hpp */ = {isa = PBXFileReference; lastKnownFileType = sourcecode.cpp.h; name = FDequeAddLock.hpp; path = ../../../flib/flib/base/FDequeAddLock.hpp; sourceTree = SOURCE_ROOT; };
		6E1B6FBE577D09347DFB302F /* FString.hpp */ = {isa = PBXFileReference; lastKnownFileType = sourcecode.cpp.h; name = FString.hpp; path = ../../../flib/flib/base/FString.hpp; sourceTree = SOURCE_ROOT; };
		74E175E32A4BD43CE1DEC16E /* FPool.hpp */ = {isa = PBXFileReference; lastKnownFileType = sourcecode.cpp.h; name = FPool.hpp; path = ../../../flib/flib/base/FPool.hpp; sourceTree = SOURCE_ROOT; };
		7A0360A44DCACB3CD84FF85E /* FConsole.hpp */ = {isa = PBXFileReference; lastKnownFileType = sourcecode.cpp.h; name = FConsole.hpp; path = ../../../flib/flib/base/FConsole.hpp; sourceTree = SOURCE_ROOT; };
		7B88A0EB138B74C7F8797D01 /* FBuffer.hpp */ = {isa = PBXFileReference; lastKnownFileType = sourcecode.cpp.h; name = FBuffer.hpp; path = ../../../flib/flib/base/FBuffer.hpp; sourceTree = SOURCE_ROOT; };
		842BF4AAF4F36A8B1D4D50BE /* libluasocket.a */ = {isa = PBXFileReference; lastKnownFileType = archive.ar; name = libluasocket.a; path = ../../../libs/macosx/x86_64/libluasocket.a; sourceTree = SOURCE_ROOT; };
		8631FC7E256887E60B0409D5 /* FConvert.hpp */ = {isa = PBXFileReference; lastKnownFileType = sourcecode.cpp.h; name = FConvert.hpp; path = ../../../flib/flib/base/FConvert.hpp; sourceTree = SOURCE_ROOT; };
		91115A5D7F08C8C7AFAA108C /* FTimer.hpp */ = {isa = PBXFileReference; lastKnownFileType = sourcecode.cpp.h; name = FTimer.hpp; path = ../../../flib/flib/base/FTimer.hpp; sourceTree = SOURCE_ROOT; };
		9C79D7451D36B4F6342C4EFA /* FengEngine.bundle */ = {isa = PBXFileReference; explicitFileType = wrapper.cfbundle; includeInIndex = 0; path = FengEngine.bundle; sourceTree = BUILT_PRODUCTS_DIR; };
		A0DB0864874C6749DD861FB6 /* FFunc.hpp */ = {isa = PBXFileReference; lastKnownFileType = sourcecode.cpp.h; name = FFunc.hpp; path = ../../../flib/flib/base/FFunc.hpp; sourceTree = SOURCE_ROOT; };
		A18E1C10F3EB05C32A750713 /* ILog.h */ = {isa = PBXFileReference; lastKnownFileType = sourcecode.c.h; name = ILog.h; path = ../../../Source/AnyLog/ILog.h; sourceTree = SOURCE_ROOT; };
		A2B16214F2A285F8600387B4 /* FDataTable.hpp */ = {isa = PBXFileReference; lastKnownFileType = sourcecode.cpp.h; name = FDataTable.hpp; path = ../../../flib/flib/base/FDataTable.hpp; sourceTree = SOURCE_ROOT; };
		A7F0D4B72957FEE0DAA46DDC /* FPlugin.hpp */ = {isa = PBXFileReference; lastKnownFileType = sourcecode.cpp.h; name = FPlugin.hpp; path = ../../../flib/flib/base/FPlugin.hpp; sourceTree = SOURCE_ROOT; };
		A9A7BE72BE42E043A7110170 /* FDoStructFile.hpp */ = {isa = PBXFileReference; lastKnownFileType = sourcecode.cpp.h; name = FDoStructFile.hpp; path = ../../../flib/flib/base/FDoStructFile.hpp; sourceTree = SOURCE_ROOT; };
		B073758826CE0F5D023350CF /* WindowsExport.cpp */ = {isa = PBXFileReference; lastKnownFileType = sourcecode.cpp.cpp; name = WindowsExport.cpp; path = ../../../Source/WindowsExport.cpp; sourceTree = SOURCE_ROOT; };
		B4A11F3D6E4BEC58B8A5265B /* FThread.hpp */ = {isa = PBXFileReference; lastKnownFileType = sourcecode.cpp.h; name = FThread.hpp; path = ../../../flib/flib/base/FThread.hpp; sourceTree = SOURCE_ROOT; };
		B5B0C82300A562123D2CD3CF /* lua_wrapper.hpp */ = {isa = PBXFileReference; lastKnownFileType = sourcecode.cpp.h; name = lua_wrapper.hpp; path = ../../../flib/flib/3rd/lua/lua_wrapper.hpp; sourceTree = SOURCE_ROOT; };
		B61CA9C7AC5DFA194D3FF52F /* FAlloctor.hpp */ = {isa = PBXFileReference; lastKnownFileType = sourcecode.cpp.h; name = FAlloctor.hpp; path = ../../../flib/flib/base/FAlloctor.hpp; sourceTree = SOURCE_ROOT; };
		B80FF00B7F5D8CD1E4BFF63B /* FSemaphore.hpp */ = {isa = PBXFileReference; lastKnownFileType = sourcecode.cpp.h; name = FSemaphore.hpp; path = ../../../flib/flib/base/FSemaphore.hpp; sourceTree = SOURCE_ROOT; };
		C2F6F31A85C211E48678F170 /* LuaEnv.hpp */ = {isa = PBXFileReference; lastKnownFileType = sourcecode.cpp.h; name = LuaEnv.hpp; path = ../../../flib/flib/3rd/lua/LuaEnv.hpp; sourceTree = SOURCE_ROOT; };
		C49D74B07CF3C19387844201 /* FFile.hpp */ = {isa = PBXFileReference; lastKnownFileType = sourcecode.cpp.h; name = FFile.hpp; path = ../../../flib/flib/base/FFile.hpp; sourceTree = SOURCE_ROOT; };
		C862D14CBC12E64CEA99E413 /* FLock.hpp */ = {isa = PBXFileReference; lastKnownFileType = sourcecode.cpp.h; name = FLock.hpp; path = ../../../flib/flib/base/FLock.hpp; sourceTree = SOURCE_ROOT; };
		C8951F0F1E94F21E775139D0 /* ILog.cpp */ = {isa = PBXFileReference; lastKnownFileType = sourcecode.cpp.cpp; name = ILog.cpp; path = ../../../Source/AnyLog/ILog.cpp; sourceTree = SOURCE_ROOT; };
		CBD5003218A5B45B86B998BB /* PCH.h */ = {isa = PBXFileReference; lastKnownFileType = sourcecode.c.h; name = PCH.h; path = ../../../Source/PCH.h; sourceTree = SOURCE_ROOT; };
		D15FCB7FB090E7C2C1523F03 /* FProcess.hpp */ = {isa = PBXFileReference; lastKnownFileType = sourcecode.cpp.h; name = FProcess.hpp; path = ../../../flib/flib/base/FProcess.hpp; sourceTree = SOURCE_ROOT; };
		D513BBD60AE931881A4A1E08 /* traits.hpp */ = {isa = PBXFileReference; lastKnownFileType = sourcecode.cpp.h; name = traits.hpp; path = ../../../flib/flib/base/traits.hpp; sourceTree = SOURCE_ROOT; };
		D8B5F7380ACD5CFB5807BE8A /* File.h */ = {isa = PBXFileReference; lastKnownFileType = sourcecode.c.h; name = File.h; path = ../../../Source/FilePackage/File.h; sourceTree = SOURCE_ROOT; };
		D9F13C32E768E1496EE6CA4A /* FSingleton.hpp */ = {isa = PBXFileReference; lastKnownFileType = sourcecode.cpp.h; name = FSingleton.hpp; path = ../../../flib/flib/base/FSingleton.hpp; sourceTree = SOURCE_ROOT; };
		E78AEF269EF456D877A7EF8F /* FLogFile.hpp */ = {isa = PBXFileReference; lastKnownFileType = sourcecode.cpp.h; name = FLogFile.hpp; path = ../../../flib/flib/base/FLogFile.hpp; sourceTree = SOURCE_ROOT; };
		EE9077FCDF1FD375C1428BE6 /* liblua51.a */ = {isa = PBXFileReference; lastKnownFileType = archive.ar; name = liblua51.a; path = ../../../libs/macosx/x86_64/liblua51.a; sourceTree = SOURCE_ROOT; };
		EEB4D2CFF54690240D82B96B /* FListAddLock.hpp */ = {isa = PBXFileReference; lastKnownFileType = sourcecode.cpp.h; name = FListAddLock.hpp; path = ../../../flib/flib/base/FListAddLock.hpp; sourceTree = SOURCE_ROOT; };
		F8349D82DBB06501BFF97753 /* AndroidExport.cpp */ = {isa = PBXFileReference; lastKnownFileType = sourcecode.cpp.cpp; name = AndroidExport.cpp; path = ../../../Source/AndroidExport.cpp; sourceTree = SOURCE_ROOT; };
		FA6A79F63CE351D19A56DCAB /* FDReadAWriteLock.hpp */ = {isa = PBXFileReference; lastKnownFileType = sourcecode.cpp.h; name = FDReadAWriteLock.hpp; path = ../../../flib/flib/base/FDReadAWriteLock.hpp; sourceTree = SOURCE_ROOT; };
		FC885F0235CB01C3C777547F /* FObserver.hpp */ = {isa = PBXFileReference; lastKnownFileType = sourcecode.cpp.h; name = FObserver.hpp; path = ../../../flib/flib/base/FObserver.hpp; sourceTree = SOURCE_ROOT; };
		FDCB4E4C28EA35D30E35B19E /* libthirdpart.a */ = {isa = PBXFileReference; lastKnownFileType = archive.ar; name = libthirdpart.a; path = ../../../libs/macosx/x86_64/libthirdpart.a; sourceTree = SOURCE_ROOT; };
/* End PBXFileReference section */

/* Begin PBXFrameworksBuildPhase section */
		654A99AF0C159CD49B7D3133 /* Frameworks */ = {
			isa = PBXFrameworksBuildPhase;
			buildActionMask = 2147483647;
			files = (
				BCA54FE90580E8B7FC19E7EF /* liblua51.a in Frameworks */,
				A366FB0C0E8051637ED1A79F /* libthirdpart.a in Frameworks */,
				9A8DDCB983AEC37376F2B871 /* libcjson.a in Frameworks */,
				CD251BD5D864ABE1026ECF99 /* libluasocket.a in Frameworks */,
			);
			runOnlyForDeploymentPostprocessing = 0;
		};
/* End PBXFrameworksBuildPhase section */

/* Begin PBXGroup section */
		26D4659A80F23DD8B56D1A94 /* lua */ = {
			isa = PBXGroup;
			children = (
				B5B0C82300A562123D2CD3CF /* lua_wrapper.hpp */,
				C2F6F31A85C211E48678F170 /* LuaEnv.hpp */,
				64FB194FF8EB90056A7E5C6B /* lua_script.hpp */,
			);
			name = lua;
			sourceTree = "<group>";
		};
		306398CAE76DA463C39A893C = {
			isa = PBXGroup;
			children = (
				5CF86CA132D77CE92638B02A /* Products */,
				4B658358B4C936E857BC0556 /* FengEngine */,
				FDA2F8ED0FA5877BBFFE975B /* Frameworks */,
				6EFDC8F7A2502EEB4717D0D6 /* libs */,
			);
			sourceTree = "<group>";
		};
		3DD7C2DB9E54C1303CA47AB2 /* flib */ = {
			isa = PBXGroup;
			children = (
				7B15AF34CEBDD60F828AD625 /* flib */,
			);
			name = flib;
			sourceTree = "<group>";
		};
		4B658358B4C936E857BC0556 /* FengEngine */ = {
			isa = PBXGroup;
			children = (
				D5D08172E082C1191EB37B57 /* Source */,
				3DD7C2DB9E54C1303CA47AB2 /* flib */,
			);
			path = FengEngine;
			sourceTree = "<group>";
		};
		5CF86CA132D77CE92638B02A /* Products */ = {
			isa = PBXGroup;
			children = (
				9C79D7451D36B4F6342C4EFA /* FengEngine.bundle */,
			);
			name = Products;
			sourceTree = "<group>";
		};
		6EFDC8F7A2502EEB4717D0D6 /* libs */ = {
			isa = PBXGroup;
			children = (
				EE9077FCDF1FD375C1428BE6 /* liblua51.a */,
				FDCB4E4C28EA35D30E35B19E /* libthirdpart.a */,
				22B5B418525105AF28480C8E /* libcjson.a */,
				842BF4AAF4F36A8B1D4D50BE /* libluasocket.a */,
			);
			name = libs;
			sourceTree = "<group>";
		};
		749E55D0BBD5A198A43DFC80 /* AnyLog */ = {
			isa = PBXGroup;
			children = (
				C8951F0F1E94F21E775139D0 /* ILog.cpp */,
				A18E1C10F3EB05C32A750713 /* ILog.h */,
			);
			name = AnyLog;
			sourceTree = "<group>";
		};
		7B15AF34CEBDD60F828AD625 /* flib */ = {
			isa = PBXGroup;
			children = (
				A4F8E920E9D16CEA5A784954 /* base */,
				AA304B0847DC3431C7B33CD6 /* 3rd */,
			);
			name = flib;
			sourceTree = "<group>";
		};
		A4F8E920E9D16CEA5A784954 /* base */ = {
			isa = PBXGroup;
			children = (
				74E175E32A4BD43CE1DEC16E /* FPool.hpp */,
				D9F13C32E768E1496EE6CA4A /* FSingleton.hpp */,
				FC885F0235CB01C3C777547F /* FObserver.hpp */,
				7B88A0EB138B74C7F8797D01 /* FBuffer.hpp */,
				C49D74B07CF3C19387844201 /* FFile.hpp */,
				6E1B6FBE577D09347DFB302F /* FString.hpp */,
				B4A11F3D6E4BEC58B8A5265B /* FThread.hpp */,
				FA6A79F63CE351D19A56DCAB /* FDReadAWriteLock.hpp */,
				319BCCA39487DEAD2DD83673 /* FType.hpp */,
				D513BBD60AE931881A4A1E08 /* traits.hpp */,
				02D49871AB1E2AD4560C0495 /* FCounter.hpp */,
				C862D14CBC12E64CEA99E413 /* FLock.hpp */,
				5BD9AFB1A2D356D4D4B0E7A3 /* FBase64.hpp */,
				A2B16214F2A285F8600387B4 /* FDataTable.hpp */,
				658AC54645ECB6D415D31577 /* FIni.hpp */,
				45EF1D28C91DA61250CC9582 /* utfconvert.hpp */,
				91115A5D7F08C8C7AFAA108C /* FTimer.hpp */,
				7A0360A44DCACB3CD84FF85E /* FConsole.hpp */,
				1631C24BF3A230DC80B735B0 /* FMemPool.hpp */,
				E78AEF269EF456D877A7EF8F /* FLogFile.hpp */,
				A0DB0864874C6749DD861FB6 /* FFunc.hpp */,
				23BF480CAD44F9C2CBABFAA1 /* FPlatform.hpp */,
				375AD11B7A130BDF7A0513DB /* FMD5.hpp */,
				45A4B8C0E8DBF3B53FF5CAEA /* FEncoding.hpp */,
				B61CA9C7AC5DFA194D3FF52F /* FAlloctor.hpp */,
				EEB4D2CFF54690240D82B96B /* FListAddLock.hpp */,
				A9A7BE72BE42E043A7110170 /* FDoStructFile.hpp */,
				A7F0D4B72957FEE0DAA46DDC /* FPlugin.hpp */,
				66B2E645020DB2DB97954BFC /* FDequeAddLock.hpp */,
				B80FF00B7F5D8CD1E4BFF63B /* FSemaphore.hpp */,
				8631FC7E256887E60B0409D5 /* FConvert.hpp */,
				D15FCB7FB090E7C2C1523F03 /* FProcess.hpp */,
			);
			name = base;
			sourceTree = "<group>";
		};
		AA304B0847DC3431C7B33CD6 /* 3rd */ = {
			isa = PBXGroup;
			children = (
				26D4659A80F23DD8B56D1A94 /* lua */,
			);
			name = 3rd;
			sourceTree = "<group>";
		};
		ACB7E3D96718FBAD32769752 /* FilePackage */ = {
			isa = PBXGroup;
			children = (
				3D7AD4B7C6074DE42FB7083B /* FileSystem.cpp */,
				44FEB11180705328FABE16D9 /* File.cpp */,
				2EE41BFFD5829EEDBB5A3BD4 /* FileSystem.h */,
				D8B5F7380ACD5CFB5807BE8A /* File.h */,
			);
			name = FilePackage;
			sourceTree = "<group>";
		};
		D5D08172E082C1191EB37B57 /* Source */ = {
			isa = PBXGroup;
			children = (
				F8349D82DBB06501BFF97753 /* AndroidExport.cpp */,
				B073758826CE0F5D023350CF /* WindowsExport.cpp */,
				749E55D0BBD5A198A43DFC80 /* AnyLog */,
				1009A2A272B686AB3E58F4A8 /* PCH.cpp */,
				07C8D414DD65189193DDC4AE /* FLuaExport.cpp */,
				ACB7E3D96718FBAD32769752 /* FilePackage */,
				CBD5003218A5B45B86B998BB /* PCH.h */,
			);
			name = Source;
			sourceTree = "<group>";
		};
		FDA2F8ED0FA5877BBFFE975B /* Frameworks */ = {
			isa = PBXGroup;
			children = (
			);
			name = Frameworks;
			sourceTree = "<group>";
		};
/* End PBXGroup section */

/* Begin PBXHeadersBuildPhase section */
		38EC7F2E8B2B25409451EA73 /* Headers */ = {
			isa = PBXHeadersBuildPhase;
			buildActionMask = 2147483647;
			files = (
			);
			runOnlyForDeploymentPostprocessing = 0;
		};
/* End PBXHeadersBuildPhase section */

/* Begin PBXNativeTarget section */
		AD79EF5328E1C6DB029A1FA6 /* FengEngine */ = {
			isa = PBXNativeTarget;
			buildConfigurationList = E6FEF9D84DB895FDCD235F9B /* Build configuration list for PBXNativeTarget "FengEngine" */;
			buildPhases = (
				CDB5F3A4626178E843C1D6C1 /* Sources */,
				654A99AF0C159CD49B7D3133 /* Frameworks */,
				38EC7F2E8B2B25409451EA73 /* Headers */,
				E60B77FC0A942607441B884F /* Resources */,
				AD6250170058D586DED3BD4A /* Copy Files */,
			);
			buildRules = (
			);
			dependencies = (
			);
			name = FengEngine;
			productName = FengEngine;
			productReference = 9C79D7451D36B4F6342C4EFA /* FengEngine.bundle */;
			productType = "com.apple.product-type.bundle";
		};
/* End PBXNativeTarget section */

/* Begin PBXProject section */
		D58745CBAC3B23D2C7A08020 /* Project object */ = {
			isa = PBXProject;
			attributes = {
				LastUpgradeCheck = 800;
				TargetAttributes = {
					AD79EF5328E1C6DB029A1FA6 = {
						CreatedOnToolsVersion = 8;
					};
				};
			};
			buildConfigurationList = 2A9F48F8E2247F71D2B5B7C8 /* Build configuration list for PBXProject "FengEngine" */;
			compatibilityVersion = "Xcode 3.2";
			developmentRegion = English;
			hasScannedForEncodings = 0;
			knownRegions = (
				en,
			);
			mainGroup = 306398CAE76DA463C39A893C;
			projectDirPath = "";
			projectRoot = "";
			targets = (
				AD79EF5328E1C6DB029A1FA6 /* FengEngine */,
			);
		};
/* End PBXProject section */

/* Begin PBXResourcesBuildPhase section */
		E60B77FC0A942607441B884F /* Resources */ = {
			isa = PBXResourcesBuildPhase;
			buildActionMask = 2147483647;
			files = (
			);
			runOnlyForDeploymentPostprocessing = 0;
		};
/* End PBXResourcesBuildPhase section */

/* Begin PBXSourcesBuildPhase section */
		CDB5F3A4626178E843C1D6C1 /* Sources */ = {
			isa = PBXSourcesBuildPhase;
			buildActionMask = 2147483647;
			files = (
				5233095B833AB9FAF63A870A /* AndroidExport.cpp in Sources */,
				13D36FC2700D10B75AD82BFA /* WindowsExport.cpp in Sources */,
				E6D51EFF452BF9410DB90460 /* ILog.cpp in Sources */,
				7B14AA400352B22298290238 /* PCH.cpp in Sources */,
				A75C949A1FC710C3952C9209 /* FLuaExport.cpp in Sources */,
				F7602417CFE1FE96C1231257 /* FileSystem.cpp in Sources */,
				879A000C1F0A41B3AB4C3559 /* File.cpp in Sources */,
			);
			runOnlyForDeploymentPostprocessing = 0;
		};
/* End PBXSourcesBuildPhase section */

/* Begin XCBuildConfiguration section */
		118ECEB647EF1BF3678D5AB2 /* Debug */ = {
			isa = XCBuildConfiguration;
			buildSettings = {
				ALWAYS_SEARCH_USER_PATHS = NO;
				CLANG_ANALYZER_NONNULL = YES;
				CLANG_CXX_LANGUAGE_STANDARD = "gnu++0x";
				CLANG_CXX_LIBRARY = "libc++";
				CLANG_ENABLE_MODULES = YES;
				CLANG_ENABLE_OBJC_ARC = YES;
				CLANG_WARN_BOOL_CONVERSION = YES;
				CLANG_WARN_CONSTANT_CONVERSION = YES;
				CLANG_WARN_DIRECT_OBJC_ISA_USAGE = YES_ERROR;
				CLANG_WARN_DOCUMENTATION_COMMENTS = YES;
				CLANG_WARN_EMPTY_BODY = YES;
				CLANG_WARN_ENUM_CONVERSION = YES;
				CLANG_WARN_INFINITE_RECURSION = YES;
				CLANG_WARN_INT_CONVERSION = YES;
				CLANG_WARN_OBJC_ROOT_CLASS = YES_ERROR;
				CLANG_WARN_SUSPICIOUS_MOVES = YES;
				CLANG_WARN_UNREACHABLE_CODE = YES;
				CLANG_WARN__DUPLICATE_METHOD_MATCH = YES;
				CODE_SIGN_IDENTITY = "-";
				COPY_PHASE_STRIP = NO;
				DEBUG_INFORMATION_FORMAT = dwarf;
				ENABLE_BITCODE = NO;
				ENABLE_STRICT_OBJC_MSGSEND = YES;
				ENABLE_TESTABILITY = YES;
				GCC_C_LANGUAGE_STANDARD = "compiler-default";
				GCC_DYNAMIC_NO_PIC = NO;
				GCC_NO_COMMON_BLOCKS = YES;
				GCC_OPTIMIZATION_LEVEL = 0;
				GCC_PREPROCESSOR_DEFINITIONS = (
					"DEBUG=1",
					"$(inherited)",
				);
				GCC_WARN_64_TO_32_BIT_CONVERSION = YES;
				GCC_WARN_ABOUT_RETURN_TYPE = YES_ERROR;
				GCC_WARN_UNDECLARED_SELECTOR = YES;
				GCC_WARN_UNINITIALIZED_AUTOS = YES_AGGRESSIVE;
				GCC_WARN_UNUSED_FUNCTION = YES;
				GCC_WARN_UNUSED_VARIABLE = YES;
				MACOSX_DEPLOYMENT_TARGET = 10.11;
				MTL_ENABLE_DEBUG_INFO = YES;
				ONLY_ACTIVE_ARCH = YES;
				SDKROOT = macosx;
				VALID_ARCHS = x86_64;
			};
			name = Debug;
		};
		4039A564AF26DF774ADC497D /* Release */ = {
			isa = XCBuildConfiguration;
			buildSettings = {
				ALWAYS_SEARCH_USER_PATHS = NO;
				CLANG_ANALYZER_NONNULL = YES;
				CLANG_CXX_LANGUAGE_STANDARD = "gnu++0x";
				CLANG_CXX_LIBRARY = "libc++";
				CLANG_ENABLE_MODULES = YES;
				CLANG_ENABLE_OBJC_ARC = YES;
				CLANG_WARN_BOOL_CONVERSION = YES;
				CLANG_WARN_CONSTANT_CONVERSION = YES;
				CLANG_WARN_DIRECT_OBJC_ISA_USAGE = YES_ERROR;
				CLANG_WARN_DOCUMENTATION_COMMENTS = YES;
				CLANG_WARN_EMPTY_BODY = YES;
				CLANG_WARN_ENUM_CONVERSION = YES;
				CLANG_WARN_INFINITE_RECURSION = YES;
				CLANG_WARN_INT_CONVERSION = YES;
				CLANG_WARN_OBJC_ROOT_CLASS = YES_ERROR;
				CLANG_WARN_SUSPICIOUS_MOVES = YES;
				CLANG_WARN_UNREACHABLE_CODE = YES;
				CLANG_WARN__DUPLICATE_METHOD_MATCH = YES;
				CODE_SIGN_IDENTITY = "-";
				COPY_PHASE_STRIP = NO;
				DEBUG_INFORMATION_FORMAT = "dwarf-with-dsym";
				ENABLE_BITCODE = NO;
				ENABLE_NS_ASSERTIONS = NO;
				ENABLE_STRICT_OBJC_MSGSEND = YES;
				GCC_C_LANGUAGE_STANDARD = "compiler-default";
				GCC_NO_COMMON_BLOCKS = YES;
				GCC_WARN_64_TO_32_BIT_CONVERSION = YES;
				GCC_WARN_ABOUT_RETURN_TYPE = YES_ERROR;
				GCC_WARN_UNDECLARED_SELECTOR = YES;
				GCC_WARN_UNINITIALIZED_AUTOS = YES_AGGRESSIVE;
				GCC_WARN_UNUSED_FUNCTION = YES;
				GCC_WARN_UNUSED_VARIABLE = YES;
				MACOSX_DEPLOYMENT_TARGET = 10.11;
				MTL_ENABLE_DEBUG_INFO = NO;
				SDKROOT = macosx;
				VALID_ARCHS = x86_64;
			};
			name = Release;
		};
		C1705333C6009776DB112E20 /* Release */ = {
			isa = XCBuildConfiguration;
			buildSettings = {
				ARCHS = "$(ARCHS_STANDARD_32_64_BIT)";
				COMBINE_HIDPI_IMAGES = YES;
				EXECUTABLE_EXTENSION = bundle;
				EXECUTABLE_PREFIX = "";
				FRAMEWORK_SEARCH_PATHS = "";
				GCC_ENABLE_CPP_EXCEPTIONS = YES;
				GCC_ENABLE_CPP_RTTI = YES;
				GCC_PREPROCESSOR_DEFINITIONS = (
					"$(inherited)",
					"_GNU_SOURCE=1",
					"_FILE_OFFSET_BITS=64",
					_LARGEFILE_SOURCE,
					__MACOSX__,
					FIXED_POINT,
					USE_KISS_FFT,
					FLIB_DLL_EXPORTS,
				);
				HEADER_SEARCH_PATHS = (
					../../../Source,
					../../../flib,
					"../../../lua-5.1.5/src",
				);
				INFOPLIST_FILE = "FengEngine/FengEngine-Info.plist";
				INSTALL_PATH = "$(LOCAL_LIBRARY_DIR)/Bundles";
				LIBRARY_SEARCH_PATHS = ../../../libs/macosx/x86_64;
				MACH_O_TYPE = mh_bundle;
				OTHER_CFLAGS = (
					"-Wno-error=deprecated-declarations",
					"-fno-strict-aliasing",
					"-fomit-frame-pointer",
				);
				OTHER_LDFLAGS = (
					"-ObjC",
					"-all_load",
				);
				PRODUCT_NAME = "$(TARGET_NAME)";
				SKIP_INSTALL = YES;
				VALID_ARCHS = x86_64;
				WRAPPER_EXTENSION = bundle;
			};
			name = Release;
		};
		F6D83D35B57A2025B2AB01A0 /* Debug */ = {
			isa = XCBuildConfiguration;
			buildSettings = {
				ARCHS = "$(ARCHS_STANDARD_32_64_BIT)";
				COMBINE_HIDPI_IMAGES = YES;
				EXECUTABLE_EXTENSION = bundle;
				EXECUTABLE_PREFIX = "";
				FRAMEWORK_SEARCH_PATHS = "";
				GCC_ENABLE_CPP_EXCEPTIONS = YES;
				GCC_ENABLE_CPP_RTTI = YES;
				GCC_PREPROCESSOR_DEFINITIONS = (
					"$(inherited)",
					"_GNU_SOURCE=1",
					"_FILE_OFFSET_BITS=64",
					_LARGEFILE_SOURCE,
					__MACOSX__,
					FIXED_POINT,
					USE_KISS_FFT,
					FLIB_DLL_EXPORTS,
				);
				HEADER_SEARCH_PATHS = (
					../../../Source,
					../../../flib,
					"../../../lua-5.1.5/src",
				);
				INFOPLIST_FILE = "FengEngine/FengEngine-Info.plist";
				INSTALL_PATH = "$(LOCAL_LIBRARY_DIR)/Bundles";
				LIBRARY_SEARCH_PATHS = ../../../libs/macosx/x86_64;
				MACH_O_TYPE = mh_bundle;
				OTHER_CFLAGS = (
					"-Wno-error=deprecated-declarations",
					"-fno-strict-aliasing",
					"-fomit-frame-pointer",
				);
				OTHER_LDFLAGS = (
					"-ObjC",
					"-all_load",
				);
				PRODUCT_NAME = "$(TARGET_NAME)";
				SKIP_INSTALL = YES;
				VALID_ARCHS = x86_64;
				WRAPPER_EXTENSION = bundle;
			};
			name = Debug;
		};
/* End XCBuildConfiguration section */

/* Begin XCConfigurationList section */
		2A9F48F8E2247F71D2B5B7C8 /* Build configuration list for PBXProject "FengEngine" */ = {
			isa = XCConfigurationList;
			buildConfigurations = (
				118ECEB647EF1BF3678D5AB2 /* Debug */,
				4039A564AF26DF774ADC497D /* Release */,
			);
			defaultConfigurationIsVisible = 0;
			defaultConfigurationName = Release;
		};
		E6FEF9D84DB895FDCD235F9B /* Build configuration list for PBXNativeTarget "FengEngine" */ = {
			isa = XCConfigurationList;
			buildConfigurations = (
				F6D83D35B57A2025B2AB01A0 /* Debug */,
				C1705333C6009776DB112E20 /* Release */,
			);
			defaultConfigurationIsVisible = 0;
			defaultConfigurationName = Release;
		};
/* End XCConfigurationList section */
	};
	rootObject = D58745CBAC3B23D2C7A08020 /* Project object */;
}
